// !$*UTF8*$!
{
	archiveVersion = 1;
	classes = {
	};
	objectVersion = 56;
	objects = {

/* Begin PBXBuildFile section */
		64A72E7E2D5753ED0074CE16 /* Other_OtterApp.swift in Sources */ = {isa = PBXBuildFile; fileRef = 64A72E7D2D5753ED0074CE16 /* Other_OtterApp.swift */; };
		64A72E802D5753ED0074CE16 /* ContentView.swift in Sources */ = {isa = PBXBuildFile; fileRef = 64A72E7F2D5753ED0074CE16 /* ContentView.swift */; };
		64A72E822D5753EF0074CE16 /* Assets.xcassets in Resources */ = {isa = PBXBuildFile; fileRef = 64A72E812D5753EF0074CE16 /* Assets.xcassets */; };
		64A72E862D5753EF0074CE16 /* Preview Assets.xcassets in Resources */ = {isa = PBXBuildFile; fileRef = 64A72E852D5753EF0074CE16 /* Preview Assets.xcassets */; };
		64A72E902D5753F00074CE16 /* Other_OtterTests.swift in Sources */ = {isa = PBXBuildFile; fileRef = 64A72E8F2D5753F00074CE16 /* Other_OtterTests.swift */; };
		64A72E9A2D5753F00074CE16 /* Other_OtterUITests.swift in Sources */ = {isa = PBXBuildFile; fileRef = 64A72E992D5753F00074CE16 /* Other_OtterUITests.swift */; };
		64A72E9C2D5753F00074CE16 /* Other_OtterUITestsLaunchTests.swift in Sources */ = {isa = PBXBuildFile; fileRef = 64A72E9B2D5753F00074CE16 /* Other_OtterUITestsLaunchTests.swift */; };
/* End PBXBuildFile section */

/* Begin PBXContainerItemProxy section */
		64A72E8C2D5753F00074CE16 /* PBXContainerItemProxy */ = {
			isa = PBXContainerItemProxy;
			containerPortal = 64A72E722D5753ED0074CE16 /* Project object */;
			proxyType = 1;
			remoteGlobalIDString = 64A72E792D5753ED0074CE16;
			remoteInfo = "Other-Otter";
		};
		64A72E962D5753F00074CE16 /* PBXContainerItemProxy */ = {
			isa = PBXContainerItemProxy;
			containerPortal = 64A72E722D5753ED0074CE16 /* Project object */;
			proxyType = 1;
			remoteGlobalIDString = 64A72E792D5753ED0074CE16;
			remoteInfo = "Other-Otter";
		};
/* End PBXContainerItemProxy section */

/* Begin PBXFileReference section */
		64A72E7A2D5753ED0074CE16 /* Other-Otter.app */ = {isa = PBXFileReference; explicitFileType = wrapper.application; includeInIndex = 0; path = "Other-Otter.app"; sourceTree = BUILT_PRODUCTS_DIR; };
		64A72E7D2D5753ED0074CE16 /* Other_OtterApp.swift */ = {isa = PBXFileReference; lastKnownFileType = sourcecode.swift; path = Other_OtterApp.swift; sourceTree = "<group>"; };
		64A72E7F2D5753ED0074CE16 /* ContentView.swift */ = {isa = PBXFileReference; lastKnownFileType = sourcecode.swift; path = ContentView.swift; sourceTree = "<group>"; };
		64A72E812D5753EF0074CE16 /* Assets.xcassets */ = {isa = PBXFileReference; lastKnownFileType = folder.assetcatalog; path = Assets.xcassets; sourceTree = "<group>"; };
		64A72E832D5753EF0074CE16 /* Other_Otter.entitlements */ = {isa = PBXFileReference; lastKnownFileType = text.plist.entitlements; path = Other_Otter.entitlements; sourceTree = "<group>"; };
		64A72E852D5753EF0074CE16 /* Preview Assets.xcassets */ = {isa = PBXFileReference; lastKnownFileType = folder.assetcatalog; path = "Preview Assets.xcassets"; sourceTree = "<group>"; };
		64A72E8B2D5753F00074CE16 /* Other-OtterTests.xctest */ = {isa = PBXFileReference; explicitFileType = wrapper.cfbundle; includeInIndex = 0; path = "Other-OtterTests.xctest"; sourceTree = BUILT_PRODUCTS_DIR; };
		64A72E8F2D5753F00074CE16 /* Other_OtterTests.swift */ = {isa = PBXFileReference; lastKnownFileType = sourcecode.swift; path = Other_OtterTests.swift; sourceTree = "<group>"; };
		64A72E952D5753F00074CE16 /* Other-OtterUITests.xctest */ = {isa = PBXFileReference; explicitFileType = wrapper.cfbundle; includeInIndex = 0; path = "Other-OtterUITests.xctest"; sourceTree = BUILT_PRODUCTS_DIR; };
		64A72E992D5753F00074CE16 /* Other_OtterUITests.swift */ = {isa = PBXFileReference; lastKnownFileType = sourcecode.swift; path = Other_OtterUITests.swift; sourceTree = "<group>"; };
		64A72E9B2D5753F00074CE16 /* Other_OtterUITestsLaunchTests.swift */ = {isa = PBXFileReference; lastKnownFileType = sourcecode.swift; path = Other_OtterUITestsLaunchTests.swift; sourceTree = "<group>"; };
/* End PBXFileReference section */

/* Begin PBXFrameworksBuildPhase section */
		64A72E772D5753ED0074CE16 /* Frameworks */ = {
			isa = PBXFrameworksBuildPhase;
			buildActionMask = 2147483647;
			files = (
			);
			runOnlyForDeploymentPostprocessing = 0;
		};
		64A72E882D5753F00074CE16 /* Frameworks */ = {
			isa = PBXFrameworksBuildPhase;
			buildActionMask = 2147483647;
			files = (
			);
			runOnlyForDeploymentPostprocessing = 0;
		};
		64A72E922D5753F00074CE16 /* Frameworks */ = {
			isa = PBXFrameworksBuildPhase;
			buildActionMask = 2147483647;
			files = (
			);
			runOnlyForDeploymentPostprocessing = 0;
		};
/* End PBXFrameworksBuildPhase section */

/* Begin PBXGroup section */
		64A72E712D5753ED0074CE16 = {
			isa = PBXGroup;
			children = (
				64A72E7C2D5753ED0074CE16 /* Other-Otter */,
				64A72E8E2D5753F00074CE16 /* Other-OtterTests */,
				64A72E982D5753F00074CE16 /* Other-OtterUITests */,
				64A72E7B2D5753ED0074CE16 /* Products */,
			);
			sourceTree = "<group>";
		};
		64A72E7B2D5753ED0074CE16 /* Products */ = {
			isa = PBXGroup;
			children = (
				64A72E7A2D5753ED0074CE16 /* Other-Otter.app */,
				64A72E8B2D5753F00074CE16 /* Other-OtterTests.xctest */,
				64A72E952D5753F00074CE16 /* Other-OtterUITests.xctest */,
			);
			name = Products;
			sourceTree = "<group>";
		};
		64A72E7C2D5753ED0074CE16 /* Other-Otter */ = {
			isa = PBXGroup;
			children = (
				64A72E7D2D5753ED0074CE16 /* Other_OtterApp.swift */,
				64A72E7F2D5753ED0074CE16 /* ContentView.swift */,
				64A72E812D5753EF0074CE16 /* Assets.xcassets */,
				64A72E832D5753EF0074CE16 /* Other_Otter.entitlements */,
				64A72E842D5753EF0074CE16 /* Preview Content */,
			);
			path = "Other-Otter";
			sourceTree = "<group>";
		};
		64A72E842D5753EF0074CE16 /* Preview Content */ = {
			isa = PBXGroup;
			children = (
				64A72E852D5753EF0074CE16 /* Preview Assets.xcassets */,
			);
			path = "Preview Content";
			sourceTree = "<group>";
		};
		64A72E8E2D5753F00074CE16 /* Other-OtterTests */ = {
			isa = PBXGroup;
			children = (
				64A72E8F2D5753F00074CE16 /* Other_OtterTests.swift */,
			);
			path = "Other-OtterTests";
			sourceTree = "<group>";
		};
		64A72E982D5753F00074CE16 /* Other-OtterUITests */ = {
			isa = PBXGroup;
			children = (
				64A72E992D5753F00074CE16 /* Other_OtterUITests.swift */,
				64A72E9B2D5753F00074CE16 /* Other_OtterUITestsLaunchTests.swift */,
			);
			path = "Other-OtterUITests";
			sourceTree = "<group>";
		};
/* End PBXGroup section */

/* Begin PBXNativeTarget section */
		64A72E792D5753ED0074CE16 /* Other-Otter */ = {
			isa = PBXNativeTarget;
			buildConfigurationList = 64A72E9F2D5753F00074CE16 /* Build configuration list for PBXNativeTarget "Other-Otter" */;
			buildPhases = (
				64A72E762D5753ED0074CE16 /* Sources */,
				64A72E772D5753ED0074CE16 /* Frameworks */,
				64A72E782D5753ED0074CE16 /* Resources */,
			);
			buildRules = (
			);
			dependencies = (
			);
			name = "Other-Otter";
			productName = "Other-Otter";
			productReference = 64A72E7A2D5753ED0074CE16 /* Other-Otter.app */;
			productType = "com.apple.product-type.application";
		};
		64A72E8A2D5753F00074CE16 /* Other-OtterTests */ = {
			isa = PBXNativeTarget;
			buildConfigurationList = 64A72EA22D5753F00074CE16 /* Build configuration list for PBXNativeTarget "Other-OtterTests" */;
			buildPhases = (
				64A72E872D5753F00074CE16 /* Sources */,
				64A72E882D5753F00074CE16 /* Frameworks */,
				64A72E892D5753F00074CE16 /* Resources */,
			);
			buildRules = (
			);
			dependencies = (
				64A72E8D2D5753F00074CE16 /* PBXTargetDependency */,
			);
			name = "Other-OtterTests";
			productName = "Other-OtterTests";
			productReference = 64A72E8B2D5753F00074CE16 /* Other-OtterTests.xctest */;
			productType = "com.apple.product-type.bundle.unit-test";
		};
		64A72E942D5753F00074CE16 /* Other-OtterUITests */ = {
			isa = PBXNativeTarget;
			buildConfigurationList = 64A72EA52D5753F00074CE16 /* Build configuration list for PBXNativeTarget "Other-OtterUITests" */;
			buildPhases = (
				64A72E912D5753F00074CE16 /* Sources */,
				64A72E922D5753F00074CE16 /* Frameworks */,
				64A72E932D5753F00074CE16 /* Resources */,
			);
			buildRules = (
			);
			dependencies = (
				64A72E972D5753F00074CE16 /* PBXTargetDependency */,
			);
			name = "Other-OtterUITests";
			productName = "Other-OtterUITests";
			productReference = 64A72E952D5753F00074CE16 /* Other-OtterUITests.xctest */;
			productType = "com.apple.product-type.bundle.ui-testing";
		};
/* End PBXNativeTarget section */

/* Begin PBXProject section */
		64A72E722D5753ED0074CE16 /* Project object */ = {
			isa = PBXProject;
			attributes = {
				BuildIndependentTargetsInParallel = 1;
				LastSwiftUpdateCheck = 1520;
				LastUpgradeCheck = 1520;
				TargetAttributes = {
					64A72E792D5753ED0074CE16 = {
						CreatedOnToolsVersion = 15.2;
					};
					64A72E8A2D5753F00074CE16 = {
						CreatedOnToolsVersion = 15.2;
						TestTargetID = 64A72E792D5753ED0074CE16;
					};
					64A72E942D5753F00074CE16 = {
						CreatedOnToolsVersion = 15.2;
						TestTargetID = 64A72E792D5753ED0074CE16;
					};
				};
			};
			buildConfigurationList = 64A72E752D5753ED0074CE16 /* Build configuration list for PBXProject "Other-Otter" */;
			compatibilityVersion = "Xcode 14.0";
			developmentRegion = en;
			hasScannedForEncodings = 0;
			knownRegions = (
				en,
				Base,
			);
			mainGroup = 64A72E712D5753ED0074CE16;
			productRefGroup = 64A72E7B2D5753ED0074CE16 /* Products */;
			projectDirPath = "";
			projectRoot = "";
			targets = (
				64A72E792D5753ED0074CE16 /* Other-Otter */,
				64A72E8A2D5753F00074CE16 /* Other-OtterTests */,
				64A72E942D5753F00074CE16 /* Other-OtterUITests */,
			);
		};
/* End PBXProject section */

/* Begin PBXResourcesBuildPhase section */
		64A72E782D5753ED0074CE16 /* Resources */ = {
			isa = PBXResourcesBuildPhase;
			buildActionMask = 2147483647;
			files = (
				64A72E862D5753EF0074CE16 /* Preview Assets.xcassets in Resources */,
				64A72E822D5753EF0074CE16 /* Assets.xcassets in Resources */,
			);
			runOnlyForDeploymentPostprocessing = 0;
		};
		64A72E892D5753F00074CE16 /* Resources */ = {
			isa = PBXResourcesBuildPhase;
			buildActionMask = 2147483647;
			files = (
			);
			runOnlyForDeploymentPostprocessing = 0;
		};
		64A72E932D5753F00074CE16 /* Resources */ = {
			isa = PBXResourcesBuildPhase;
			buildActionMask = 2147483647;
			files = (
			);
			runOnlyForDeploymentPostprocessing = 0;
		};
/* End PBXResourcesBuildPhase section */

/* Begin PBXSourcesBuildPhase section */
		64A72E762D5753ED0074CE16 /* Sources */ = {
			isa = PBXSourcesBuildPhase;
			buildActionMask = 2147483647;
			files = (
				64A72E802D5753ED0074CE16 /* ContentView.swift in Sources */,
				64A72E7E2D5753ED0074CE16 /* Other_OtterApp.swift in Sources */,
			);
			runOnlyForDeploymentPostprocessing = 0;
		};
		64A72E872D5753F00074CE16 /* Sources */ = {
			isa = PBXSourcesBuildPhase;
			buildActionMask = 2147483647;
			files = (
				64A72E902D5753F00074CE16 /* Other_OtterTests.swift in Sources */,
			);
			runOnlyForDeploymentPostprocessing = 0;
		};
		64A72E912D5753F00074CE16 /* Sources */ = {
			isa = PBXSourcesBuildPhase;
			buildActionMask = 2147483647;
			files = (
				64A72E9C2D5753F00074CE16 /* Other_OtterUITestsLaunchTests.swift in Sources */,
				64A72E9A2D5753F00074CE16 /* Other_OtterUITests.swift in Sources */,
			);
			runOnlyForDeploymentPostprocessing = 0;
		};
/* End PBXSourcesBuildPhase section */

/* Begin PBXTargetDependency section */
		64A72E8D2D5753F00074CE16 /* PBXTargetDependency */ = {
			isa = PBXTargetDependency;
			target = 64A72E792D5753ED0074CE16 /* Other-Otter */;
			targetProxy = 64A72E8C2D5753F00074CE16 /* PBXContainerItemProxy */;
		};
		64A72E972D5753F00074CE16 /* PBXTargetDependency */ = {
			isa = PBXTargetDependency;
			target = 64A72E792D5753ED0074CE16 /* Other-Otter */;
			targetProxy = 64A72E962D5753F00074CE16 /* PBXContainerItemProxy */;
		};
/* End PBXTargetDependency section */

/* Begin XCBuildConfiguration section */
		64A72E9D2D5753F00074CE16 /* Debug */ = {
			isa = XCBuildConfiguration;
			buildSettings = {
				ALWAYS_SEARCH_USER_PATHS = NO;
				ASSETCATALOG_COMPILER_GENERATE_SWIFT_ASSET_SYMBOL_EXTENSIONS = YES;
				CLANG_ANALYZER_NONNULL = YES;
				CLANG_ANALYZER_NUMBER_OBJECT_CONVERSION = YES_AGGRESSIVE;
				CLANG_CXX_LANGUAGE_STANDARD = "gnu++20";
				CLANG_ENABLE_MODULES = YES;
				CLANG_ENABLE_OBJC_ARC = YES;
				CLANG_ENABLE_OBJC_WEAK = YES;
				CLANG_WARN_BLOCK_CAPTURE_AUTORELEASING = YES;
				CLANG_WARN_BOOL_CONVERSION = YES;
				CLANG_WARN_COMMA = YES;
				CLANG_WARN_CONSTANT_CONVERSION = YES;
				CLANG_WARN_DEPRECATED_OBJC_IMPLEMENTATIONS = YES;
				CLANG_WARN_DIRECT_OBJC_ISA_USAGE = YES_ERROR;
				CLANG_WARN_DOCUMENTATION_COMMENTS = YES;
				CLANG_WARN_EMPTY_BODY = YES;
				CLANG_WARN_ENUM_CONVERSION = YES;
				CLANG_WARN_INFINITE_RECURSION = YES;
				CLANG_WARN_INT_CONVERSION = YES;
				CLANG_WARN_NON_LITERAL_NULL_CONVERSION = YES;
				CLANG_WARN_OBJC_IMPLICIT_RETAIN_SELF = YES;
				CLANG_WARN_OBJC_LITERAL_CONVERSION = YES;
				CLANG_WARN_OBJC_ROOT_CLASS = YES_ERROR;
				CLANG_WARN_QUOTED_INCLUDE_IN_FRAMEWORK_HEADER = YES;
				CLANG_WARN_RANGE_LOOP_ANALYSIS = YES;
				CLANG_WARN_STRICT_PROTOTYPES = YES;
				CLANG_WARN_SUSPICIOUS_MOVE = YES;
				CLANG_WARN_UNGUARDED_AVAILABILITY = YES_AGGRESSIVE;
				CLANG_WARN_UNREACHABLE_CODE = YES;
				CLANG_WARN__DUPLICATE_METHOD_MATCH = YES;
				COPY_PHASE_STRIP = NO;
				DEBUG_INFORMATION_FORMAT = dwarf;
				ENABLE_STRICT_OBJC_MSGSEND = YES;
				ENABLE_TESTABILITY = YES;
				ENABLE_USER_SCRIPT_SANDBOXING = YES;
				GCC_C_LANGUAGE_STANDARD = gnu17;
				GCC_DYNAMIC_NO_PIC = NO;
				GCC_NO_COMMON_BLOCKS = YES;
				GCC_OPTIMIZATION_LEVEL = 0;
				GCC_PREPROCESSOR_DEFINITIONS = (
					"DEBUG=1",
					"$(inherited)",
				);
				GCC_WARN_64_TO_32_BIT_CONVERSION = YES;
				GCC_WARN_ABOUT_RETURN_TYPE = YES_ERROR;
				GCC_WARN_UNDECLARED_SELECTOR = YES;
				GCC_WARN_UNINITIALIZED_AUTOS = YES_AGGRESSIVE;
				GCC_WARN_UNUSED_FUNCTION = YES;
				GCC_WARN_UNUSED_VARIABLE = YES;
				LOCALIZATION_PREFERS_STRING_CATALOGS = YES;
				MTL_ENABLE_DEBUG_INFO = INCLUDE_SOURCE;
				MTL_FAST_MATH = YES;
				ONLY_ACTIVE_ARCH = YES;
				SWIFT_ACTIVE_COMPILATION_CONDITIONS = "DEBUG $(inherited)";
				SWIFT_OPTIMIZATION_LEVEL = "-Onone";
			};
			name = Debug;
		};
		64A72E9E2D5753F00074CE16 /* Release */ = {
			isa = XCBuildConfiguration;
			buildSettings = {
				ALWAYS_SEARCH_USER_PATHS = NO;
				ASSETCATALOG_COMPILER_GENERATE_SWIFT_ASSET_SYMBOL_EXTENSIONS = YES;
				CLANG_ANALYZER_NONNULL = YES;
				CLANG_ANALYZER_NUMBER_OBJECT_CONVERSION = YES_AGGRESSIVE;
				CLANG_CXX_LANGUAGE_STANDARD = "gnu++20";
				CLANG_ENABLE_MODULES = YES;
				CLANG_ENABLE_OBJC_ARC = YES;
				CLANG_ENABLE_OBJC_WEAK = YES;
				CLANG_WARN_BLOCK_CAPTURE_AUTORELEASING = YES;
				CLANG_WARN_BOOL_CONVERSION = YES;
				CLANG_WARN_COMMA = YES;
				CLANG_WARN_CONSTANT_CONVERSION = YES;
				CLANG_WARN_DEPRECATED_OBJC_IMPLEMENTATIONS = YES;
				CLANG_WARN_DIRECT_OBJC_ISA_USAGE = YES_ERROR;
				CLANG_WARN_DOCUMENTATION_COMMENTS = YES;
				CLANG_WARN_EMPTY_BODY = YES;
				CLANG_WARN_ENUM_CONVERSION = YES;
				CLANG_WARN_INFINITE_RECURSION = YES;
				CLANG_WARN_INT_CONVERSION = YES;
				CLANG_WARN_NON_LITERAL_NULL_CONVERSION = YES;
				CLANG_WARN_OBJC_IMPLICIT_RETAIN_SELF = YES;
				CLANG_WARN_OBJC_LITERAL_CONVERSION = YES;
				CLANG_WARN_OBJC_ROOT_CLASS = YES_ERROR;
				CLANG_WARN_QUOTED_INCLUDE_IN_FRAMEWORK_HEADER = YES;
				CLANG_WARN_RANGE_LOOP_ANALYSIS = YES;
				CLANG_WARN_STRICT_PROTOTYPES = YES;
				CLANG_WARN_SUSPICIOUS_MOVE = YES;
				CLANG_WARN_UNGUARDED_AVAILABILITY = YES_AGGRESSIVE;
				CLANG_WARN_UNREACHABLE_CODE = YES;
				CLANG_WARN__DUPLICATE_METHOD_MATCH = YES;
				COPY_PHASE_STRIP = NO;
				DEBUG_INFORMATION_FORMAT = "dwarf-with-dsym";
				ENABLE_NS_ASSERTIONS = NO;
				ENABLE_STRICT_OBJC_MSGSEND = YES;
				ENABLE_USER_SCRIPT_SANDBOXING = YES;
				GCC_C_LANGUAGE_STANDARD = gnu17;
				GCC_NO_COMMON_BLOCKS = YES;
				GCC_WARN_64_TO_32_BIT_CONVERSION = YES;
				GCC_WARN_ABOUT_RETURN_TYPE = YES_ERROR;
				GCC_WARN_UNDECLARED_SELECTOR = YES;
				GCC_WARN_UNINITIALIZED_AUTOS = YES_AGGRESSIVE;
				GCC_WARN_UNUSED_FUNCTION = YES;
				GCC_WARN_UNUSED_VARIABLE = YES;
				LOCALIZATION_PREFERS_STRING_CATALOGS = YES;
				MTL_ENABLE_DEBUG_INFO = NO;
				MTL_FAST_MATH = YES;
				SWIFT_COMPILATION_MODE = wholemodule;
			};
			name = Release;
		};
		64A72EA02D5753F00074CE16 /* Debug */ = {
			isa = XCBuildConfiguration;
			buildSettings = {
				ASSETCATALOG_COMPILER_APPICON_NAME = AppIcon;
				ASSETCATALOG_COMPILER_GLOBAL_ACCENT_COLOR_NAME = AccentColor;
				CODE_SIGN_ENTITLEMENTS = "Other-Otter/Other_Otter.entitlements";
				CODE_SIGN_STYLE = Automatic;
				CURRENT_PROJECT_VERSION = 1;
				DEVELOPMENT_ASSET_PATHS = "\"Other-Otter/Preview Content\"";
				ENABLE_PREVIEWS = YES;
				GENERATE_INFOPLIST_FILE = YES;
				"INFOPLIST_KEY_UIApplicationSceneManifest_Generation[sdk=iphoneos*]" = YES;
				"INFOPLIST_KEY_UIApplicationSceneManifest_Generation[sdk=iphonesimulator*]" = YES;
				"INFOPLIST_KEY_UIApplicationSupportsIndirectInputEvents[sdk=iphoneos*]" = YES;
				"INFOPLIST_KEY_UIApplicationSupportsIndirectInputEvents[sdk=iphonesimulator*]" = YES;
				"INFOPLIST_KEY_UILaunchScreen_Generation[sdk=iphoneos*]" = YES;
				"INFOPLIST_KEY_UILaunchScreen_Generation[sdk=iphonesimulator*]" = YES;
				"INFOPLIST_KEY_UIStatusBarStyle[sdk=iphoneos*]" = UIStatusBarStyleDefault;
				"INFOPLIST_KEY_UIStatusBarStyle[sdk=iphonesimulator*]" = UIStatusBarStyleDefault;
				INFOPLIST_KEY_UISupportedInterfaceOrientations_iPad = "UIInterfaceOrientationPortrait UIInterfaceOrientationPortraitUpsideDown UIInterfaceOrientationLandscapeLeft UIInterfaceOrientationLandscapeRight";
				INFOPLIST_KEY_UISupportedInterfaceOrientations_iPhone = "UIInterfaceOrientationPortrait UIInterfaceOrientationLandscapeLeft UIInterfaceOrientationLandscapeRight";
				IPHONEOS_DEPLOYMENT_TARGET = 17.2;
				LD_RUNPATH_SEARCH_PATHS = "@executable_path/Frameworks";
				"LD_RUNPATH_SEARCH_PATHS[sdk=macosx*]" = "@executable_path/../Frameworks";
				MACOSX_DEPLOYMENT_TARGET = 13.7;
				MARKETING_VERSION = 1.0;
				PRODUCT_BUNDLE_IDENTIFIER = "sarim137.Other-Otter";
				PRODUCT_NAME = "$(TARGET_NAME)";
				SDKROOT = auto;
				SUPPORTED_PLATFORMS = "iphoneos iphonesimulator macosx";
				SWIFT_EMIT_LOC_STRINGS = YES;
				SWIFT_VERSION = 5.0;
				TARGETED_DEVICE_FAMILY = "1,2";
			};
			name = Debug;
		};
		64A72EA12D5753F00074CE16 /* Release */ = {
			isa = XCBuildConfiguration;
			buildSettings = {
				ASSETCATALOG_COMPILER_APPICON_NAME = AppIcon;
				ASSETCATALOG_COMPILER_GLOBAL_ACCENT_COLOR_NAME = AccentColor;
				CODE_SIGN_ENTITLEMENTS = "Other-Otter/Other_Otter.entitlements";
				CODE_SIGN_STYLE = Automatic;
				CURRENT_PROJECT_VERSION = 1;
				DEVELOPMENT_ASSET_PATHS = "\"Other-Otter/Preview Content\"";
				ENABLE_PREVIEWS = YES;
				GENERATE_INFOPLIST_FILE = YES;
				"INFOPLIST_KEY_UIApplicationSceneManifest_Generation[sdk=iphoneos*]" = YES;
				"INFOPLIST_KEY_UIApplicationSceneManifest_Generation[sdk=iphonesimulator*]" = YES;
				"INFOPLIST_KEY_UIApplicationSupportsIndirectInputEvents[sdk=iphoneos*]" = YES;
				"INFOPLIST_KEY_UIApplicationSupportsIndirectInputEvents[sdk=iphonesimulator*]" = YES;
				"INFOPLIST_KEY_UILaunchScreen_Generation[sdk=iphoneos*]" = YES;
				"INFOPLIST_KEY_UILaunchScreen_Generation[sdk=iphonesimulator*]" = YES;
				"INFOPLIST_KEY_UIStatusBarStyle[sdk=iphoneos*]" = UIStatusBarStyleDefault;
				"INFOPLIST_KEY_UIStatusBarStyle[sdk=iphonesimulator*]" = UIStatusBarStyleDefault;
				INFOPLIST_KEY_UISupportedInterfaceOrientations_iPad = "UIInterfaceOrientationPortrait UIInterfaceOrientationPortraitUpsideDown UIInterfaceOrientationLandscapeLeft UIInterfaceOrientationLandscapeRight";
				INFOPLIST_KEY_UISupportedInterfaceOrientations_iPhone = "UIInterfaceOrientationPortrait UIInterfaceOrientationLandscapeLeft UIInterfaceOrientationLandscapeRight";
				IPHONEOS_DEPLOYMENT_TARGET = 17.2;
				LD_RUNPATH_SEARCH_PATHS = "@executable_path/Frameworks";
				"LD_RUNPATH_SEARCH_PATHS[sdk=macosx*]" = "@executable_path/../Frameworks";
				MACOSX_DEPLOYMENT_TARGET = 13.7;
				MARKETING_VERSION = 1.0;
				PRODUCT_BUNDLE_IDENTIFIER = "sarim137.Other-Otter";
				PRODUCT_NAME = "$(TARGET_NAME)";
				SDKROOT = auto;
				SUPPORTED_PLATFORMS = "iphoneos iphonesimulator macosx";
				SWIFT_EMIT_LOC_STRINGS = YES;
				SWIFT_VERSION = 5.0;
				TARGETED_DEVICE_FAMILY = "1,2";
			};
			name = Release;
		};
		64A72EA32D5753F00074CE16 /* Debug */ = {
			isa = XCBuildConfiguration;
			buildSettings = {
				ALWAYS_EMBED_SWIFT_STANDARD_LIBRARIES = YES;
				BUNDLE_LOADER = "$(TEST_HOST)";
				CODE_SIGN_STYLE = Automatic;
				CURRENT_PROJECT_VERSION = 1;
				GENERATE_INFOPLIST_FILE = YES;
				IPHONEOS_DEPLOYMENT_TARGET = 17.2;
				MACOSX_DEPLOYMENT_TARGET = 13.7;
				MARKETING_VERSION = 1.0;
				PRODUCT_BUNDLE_IDENTIFIER = "sarim137.Other-OtterTests";
				PRODUCT_NAME = "$(TARGET_NAME)";
				SDKROOT = auto;
				SUPPORTED_PLATFORMS = "iphoneos iphonesimulator macosx";
				SWIFT_EMIT_LOC_STRINGS = NO;
				SWIFT_VERSION = 5.0;
				TARGETED_DEVICE_FAMILY = "1,2";
				TEST_HOST = "$(BUILT_PRODUCTS_DIR)/Other-Otter.app/$(BUNDLE_EXECUTABLE_FOLDER_PATH)/Other-Otter";
			};
			name = Debug;
		};
		64A72EA42D5753F00074CE16 /* Release */ = {
			isa = XCBuildConfiguration;
			buildSettings = {
				ALWAYS_EMBED_SWIFT_STANDARD_LIBRARIES = YES;
				BUNDLE_LOADER = "$(TEST_HOST)";
				CODE_SIGN_STYLE = Automatic;
				CURRENT_PROJECT_VERSION = 1;
				GENERATE_INFOPLIST_FILE = YES;
				IPHONEOS_DEPLOYMENT_TARGET = 17.2;
				MACOSX_DEPLOYMENT_TARGET = 13.7;
				MARKETING_VERSION = 1.0;
				PRODUCT_BUNDLE_IDENTIFIER = "sarim137.Other-OtterTests";
				PRODUCT_NAME = "$(TARGET_NAME)";
				SDKROOT = auto;
				SUPPORTED_PLATFORMS = "iphoneos iphonesimulator macosx";
				SWIFT_EMIT_LOC_STRINGS = NO;
				SWIFT_VERSION = 5.0;
				TARGETED_DEVICE_FAMILY = "1,2";
				TEST_HOST = "$(BUILT_PRODUCTS_DIR)/Other-Otter.app/$(BUNDLE_EXECUTABLE_FOLDER_PATH)/Other-Otter";
			};
			name = Release;
		};
		64A72EA62D5753F00074CE16 /* Debug */ = {
			isa = XCBuildConfiguration;
			buildSettings = {
				ALWAYS_EMBED_SWIFT_STANDARD_LIBRARIES = YES;
				CODE_SIGN_STYLE = Automatic;
				CURRENT_PROJECT_VERSION = 1;
				GENERATE_INFOPLIST_FILE = YES;
				IPHONEOS_DEPLOYMENT_TARGET = 17.2;
				MACOSX_DEPLOYMENT_TARGET = 13.7;
				MARKETING_VERSION = 1.0;
				PRODUCT_BUNDLE_IDENTIFIER = "sarim137.Other-OtterUITests";
				PRODUCT_NAME = "$(TARGET_NAME)";
				SDKROOT = auto;
				SUPPORTED_PLATFORMS = "iphoneos iphonesimulator macosx";
				SWIFT_EMIT_LOC_STRINGS = NO;
				SWIFT_VERSION = 5.0;
				TARGETED_DEVICE_FAMILY = "1,2";
				TEST_TARGET_NAME = "Other-Otter";
			};
			name = Debug;
		};
		64A72EA72D5753F00074CE16 /* Release */ = {
			isa = XCBuildConfiguration;
			buildSettings = {
				ALWAYS_EMBED_SWIFT_STANDARD_LIBRARIES = YES;
				CODE_SIGN_STYLE = Automatic;
				CURRENT_PROJECT_VERSION = 1;
				GENERATE_INFOPLIST_FILE = YES;
				IPHONEOS_DEPLOYMENT_TARGET = 17.2;
				MACOSX_DEPLOYMENT_TARGET = 13.7;
				MARKETING_VERSION = 1.0;
				PRODUCT_BUNDLE_IDENTIFIER = "sarim137.Other-OtterUITests";
				PRODUCT_NAME = "$(TARGET_NAME)";
				SDKROOT = auto;
				SUPPORTED_PLATFORMS = "iphoneos iphonesimulator macosx";
				SWIFT_EMIT_LOC_STRINGS = NO;
				SWIFT_VERSION = 5.0;
				TARGETED_DEVICE_FAMILY = "1,2";
				TEST_TARGET_NAME = "Other-Otter";
			};
			name = Release;
		};
/* End XCBuildConfiguration section */

/* Begin XCConfigurationList section */
		64A72E752D5753ED0074CE16 /* Build configuration list for PBXProject "Other-Otter" */ = {
			isa = XCConfigurationList;
			buildConfigurations = (
				64A72E9D2D5753F00074CE16 /* Debug */,
				64A72E9E2D5753F00074CE16 /* Release */,
			);
			defaultConfigurationIsVisible = 0;
			defaultConfigurationName = Release;
		};
		64A72E9F2D5753F00074CE16 /* Build configuration list for PBXNativeTarget "Other-Otter" */ = {
			isa = XCConfigurationList;
			buildConfigurations = (
				64A72EA02D5753F00074CE16 /* Debug */,
				64A72EA12D5753F00074CE16 /* Release */,
			);
			defaultConfigurationIsVisible = 0;
			defaultConfigurationName = Release;
		};
		64A72EA22D5753F00074CE16 /* Build configuration list for PBXNativeTarget "Other-OtterTests" */ = {
			isa = XCConfigurationList;
			buildConfigurations = (
				64A72EA32D5753F00074CE16 /* Debug */,
				64A72EA42D5753F00074CE16 /* Release */,
			);
			defaultConfigurationIsVisible = 0;
			defaultConfigurationName = Release;
		};
		64A72EA52D5753F00074CE16 /* Build configuration list for PBXNativeTarget "Other-OtterUITests" */ = {
			isa = XCConfigurationList;
			buildConfigurations = (
				64A72EA62D5753F00074CE16 /* Debug */,
				64A72EA72D5753F00074CE16 /* Release */,
			);
			defaultConfigurationIsVisible = 0;
			defaultConfigurationName = Release;
		};
/* End XCConfigurationList section */
	};
	rootObject = 64A72E722D5753ED0074CE16 /* Project object */;
}
